
Microsoft Visual Studio Solution File, Format Version 12.00
# Visual Studio Version 17
VisualStudioVersion = 17.14.36221.1 d17.14
MinimumVisualStudioVersion = 10.0.40219.1
Project("{8BC9CEB8-8B4A-11D0-8D11-00A0C91BC942}") = "classAssignment", "classAssignment\classAssignment.vcxproj", "{CFA42388-F0D5-4E79-968E-D6A62CDDEDCA}"
EndProject
Global
	GlobalSection(SolutionConfigurationPlatforms) = preSolution
		Debug|x64 = Debug|x64
		Debug|x86 = Debug|x86
		Release|x64 = Release|x64
		Release|x86 = Release|x86
	EndGlobalSection
	GlobalSection(ProjectConfigurationPlatforms) = postSolution
		{CFA42388-F0D5-4E79-968E-D6A62CDDEDCA}.Debug|x64.ActiveCfg = Debug|x64
		{CFA42388-F0D5-4E79-968E-D6A62CDDEDCA}.Debug|x64.Build.0 = Debug|x64
		{CFA42388-F0D5-4E79-968E-D6A62CDDEDCA}.Debug|x86.ActiveCfg = Debug|Win32
		{CFA42388-F0D5-4E79-968E-D6A62CDDEDCA}.Debug|x86.Build.0 = Debug|Win32
		{CFA42388-F0D5-4E79-968E-D6A62CDDEDCA}.Release|x64.ActiveCfg = Release|x64
		{CFA42388-F0D5-4E79-968E-D6A62CDDEDCA}.Release|x64.Build.0 = Release|x64
		{CFA42388-F0D5-4E79-968E-D6A62CDDEDCA}.Release|x86.ActiveCfg = Release|Win32
		{CFA42388-F0D5-4E79-968E-D6A62CDDEDCA}.Release|x86.Build.0 = Release|Win32
	EndGlobalSection
	GlobalSection(SolutionProperties) = preSolution
		HideSolutionNode = FALSE
	EndGlobalSection
	GlobalSection(ExtensibilityGlobals) = postSolution
		SolutionGuid = {5F10F0D9-F63F-436A-9AEC-792BF40CAFCC}
	EndGlobalSection
EndGlobal
